
Microsoft Visual Studio Solution File, Format Version 12.00
# Visual Studio Version 17
VisualStudioVersion = 17.9.34701.34
MinimumVisualStudioVersion = 10.0.40219.1
Project("{FAE04EC0-301F-11D3-BF4B-00C04F79EFBC}") = "SebastianLargo_Examen1P", "SebastianLargo_Examen1P.csproj", "{86B32986-E370-4C34-94B2-5EFE608C78DB}"
EndProject
Global
	GlobalSection(SolutionConfigurationPlatforms) = preSolution
		Debug|Any CPU = Debug|Any CPU
		Release|Any CPU = Release|Any CPU
	EndGlobalSection
	GlobalSection(ProjectConfigurationPlatforms) = postSolution
		{86B32986-E370-4C34-94B2-5EFE608C78DB}.Debug|Any CPU.ActiveCfg = Debug|Any CPU
		{86B32986-E370-4C34-94B2-5EFE608C78DB}.Debug|Any CPU.Build.0 = Debug|Any CPU
		{86B32986-E370-4C34-94B2-5EFE608C78DB}.Release|Any CPU.ActiveCfg = Release|Any CPU
		{86B32986-E370-4C34-94B2-5EFE608C78DB}.Release|Any CPU.Build.0 = Release|Any CPU
	EndGlobalSection
	GlobalSection(SolutionProperties) = preSolution
		HideSolutionNode = FALSE
	EndGlobalSection
	GlobalSection(ExtensibilityGlobals) = postSolution
		SolutionGuid = {36966035-CBBE-406E-AB1E-346C0066A751}
	EndGlobalSection
EndGlobal
